
Microsoft Visual Studio Solution File, Format Version 11.00
# Visual Studio 2010
Project("{FAE04EC0-301F-11D3-BF4B-00C04F79EFBC}") = "Assembly-CSharp", "Assembly-CSharp.csproj", "{f5ec313c-07aa-a09c-6110-02d79faea88e}"
EndProject
Project("{FAE04EC0-301F-11D3-BF4B-00C04F79EFBC}") = "Assembly-CSharp-firstpass", "Assembly-CSharp-firstpass.csproj", "{0b0686a5-c310-99a6-d60e-58abc22e4825}"
EndProject
Project("{FAE04EC0-301F-11D3-BF4B-00C04F79EFBC}") = "Assembly-CSharp-Editor", "Assembly-CSharp-Editor.csproj", "{d6cee65b-009d-941b-725b-96598455bdec}"
EndProject
Global
	GlobalSection(SolutionConfigurationPlatforms) = preSolution
		Debug|Any CPU = Debug|Any CPU
	EndGlobalSection
	GlobalSection(ProjectConfigurationPlatforms) = postSolution
		{f5ec313c-07aa-a09c-6110-02d79faea88e}.Debug|Any CPU.ActiveCfg = Debug|Any CPU
		{f5ec313c-07aa-a09c-6110-02d79faea88e}.Debug|Any CPU.Build.0 = Debug|Any CPU
		{0b0686a5-c310-99a6-d60e-58abc22e4825}.Debug|Any CPU.ActiveCfg = Debug|Any CPU
		{0b0686a5-c310-99a6-d60e-58abc22e4825}.Debug|Any CPU.Build.0 = Debug|Any CPU
		{d6cee65b-009d-941b-725b-96598455bdec}.Debug|Any CPU.ActiveCfg = Debug|Any CPU
		{d6cee65b-009d-941b-725b-96598455bdec}.Debug|Any CPU.Build.0 = Debug|Any CPU
	EndGlobalSection
	GlobalSection(SolutionProperties) = preSolution
		HideSolutionNode = FALSE
	EndGlobalSection
EndGlobal
